
Microsoft Visual Studio Solution File, Format Version 12.00
# Visual Studio Version 16
VisualStudioVersion = 16.0.29418.71
MinimumVisualStudioVersion = 10.0.40219.1
Project("{8BC9CEB8-8B4A-11D0-8D11-00A0C91BC942}") = "project2cs360s2020", "project2cs360s2020.vcxproj", "{3F644A78-F05D-42FB-AC0A-F6E05ACE0719}"
EndProject
Global
	GlobalSection(SolutionConfigurationPlatforms) = preSolution
		Debug|x64 = Debug|x64
		Debug|x86 = Debug|x86
		Release|x64 = Release|x64
		Release|x86 = Release|x86
	EndGlobalSection
	GlobalSection(ProjectConfigurationPlatforms) = postSolution
		{3F644A78-F05D-42FB-AC0A-F6E05ACE0719}.Debug|x64.ActiveCfg = Debug|x64
		{3F644A78-F05D-42FB-AC0A-F6E05ACE0719}.Debug|x64.Build.0 = Debug|x64
		{3F644A78-F05D-42FB-AC0A-F6E05ACE0719}.Debug|x86.ActiveCfg = Debug|Win32
		{3F644A78-F05D-42FB-AC0A-F6E05ACE0719}.Debug|x86.Build.0 = Debug|Win32
		{3F644A78-F05D-42FB-AC0A-F6E05ACE0719}.Release|x64.ActiveCfg = Release|x64
		{3F644A78-F05D-42FB-AC0A-F6E05ACE0719}.Release|x64.Build.0 = Release|x64
		{3F644A78-F05D-42FB-AC0A-F6E05ACE0719}.Release|x86.ActiveCfg = Release|Win32
		{3F644A78-F05D-42FB-AC0A-F6E05ACE0719}.Release|x86.Build.0 = Release|Win32
	EndGlobalSection
	GlobalSection(SolutionProperties) = preSolution
		HideSolutionNode = FALSE
	EndGlobalSection
	GlobalSection(ExtensibilityGlobals) = postSolution
		SolutionGuid = {37AE3BE7-1663-4DC3-B8D6-F28B785C64BD}
	EndGlobalSection
EndGlobal
